
Microsoft Visual Studio Solution File, Format Version 12.00
Project("{FAE04EC0-301F-11D3-BF4B-00C04F79EFBC}") = "NRA", "NRA\NRA.csproj", "{42C89547-CFC0-47C5-A3B8-FFC8597B0DDF}"
EndProject
Project("{2150E333-8FDC-42A3-9474-1A3956D46DE8}") = "Security", "Security", "{DCC0E61D-C29B-4DE3-9DBC-E34EF8C7F9CA}"
EndProject
Project("{FAE04EC0-301F-11D3-BF4B-00C04F79EFBC}") = "NRA.Project.Security", "NRA.Project.Security\NRA.Project.Security.csproj", "{33071770-3A1B-4856-B132-D1A88EA9FDCB}"
EndProject
Project("{FAE04EC0-301F-11D3-BF4B-00C04F79EFBC}") = "NRA.Broker", "NRA.Broker\NRA.Broker.csproj", "{357E3760-8D0B-4EE0-BF8E-2F30FAD0C8E1}"
EndProject
Project("{FAE04EC0-301F-11D3-BF4B-00C04F79EFBC}") = "NRA.Utilities", "NRA.Utilities\NRA.Utilities.csproj", "{B9F16B73-27F0-4D20-9595-A060DC7F3231}"
EndProject
Project("{FAE04EC0-301F-11D3-BF4B-00C04F79EFBC}") = "NRA.RpcProxy", "NRA.RpcProxy\NRA.RpcProxy.csproj", "{190E9370-94D7-418D-AAD1-6055580FFDA4}"
EndProject
Project("{2150E333-8FDC-42A3-9474-1A3956D46DE8}") = "Nuget", "Nuget", "{B048273B-455E-4AAD-8B4A-3C8351A35A8D}"
EndProject
Project("{FAE04EC0-301F-11D3-BF4B-00C04F79EFBC}") = "Veltonsoft.NRA.Core", "Veltonsoft.NRA.Core\Veltonsoft.NRA.Core.csproj", "{C36FB7CE-CE3B-4624-9977-DBC4630B9284}"
EndProject
Global
	GlobalSection(SolutionConfigurationPlatforms) = preSolution
		Debug|Any CPU = Debug|Any CPU
		Release|Any CPU = Release|Any CPU
	EndGlobalSection
	GlobalSection(ProjectConfigurationPlatforms) = postSolution
		{42C89547-CFC0-47C5-A3B8-FFC8597B0DDF}.Debug|Any CPU.ActiveCfg = Debug|Any CPU
		{42C89547-CFC0-47C5-A3B8-FFC8597B0DDF}.Debug|Any CPU.Build.0 = Debug|Any CPU
		{42C89547-CFC0-47C5-A3B8-FFC8597B0DDF}.Release|Any CPU.ActiveCfg = Release|Any CPU
		{42C89547-CFC0-47C5-A3B8-FFC8597B0DDF}.Release|Any CPU.Build.0 = Release|Any CPU
		{33071770-3A1B-4856-B132-D1A88EA9FDCB}.Debug|Any CPU.ActiveCfg = Debug|Any CPU
		{33071770-3A1B-4856-B132-D1A88EA9FDCB}.Debug|Any CPU.Build.0 = Debug|Any CPU
		{33071770-3A1B-4856-B132-D1A88EA9FDCB}.Release|Any CPU.ActiveCfg = Release|Any CPU
		{33071770-3A1B-4856-B132-D1A88EA9FDCB}.Release|Any CPU.Build.0 = Release|Any CPU
		{357E3760-8D0B-4EE0-BF8E-2F30FAD0C8E1}.Debug|Any CPU.ActiveCfg = Debug|Any CPU
		{357E3760-8D0B-4EE0-BF8E-2F30FAD0C8E1}.Debug|Any CPU.Build.0 = Debug|Any CPU
		{357E3760-8D0B-4EE0-BF8E-2F30FAD0C8E1}.Release|Any CPU.ActiveCfg = Release|Any CPU
		{357E3760-8D0B-4EE0-BF8E-2F30FAD0C8E1}.Release|Any CPU.Build.0 = Release|Any CPU
		{B9F16B73-27F0-4D20-9595-A060DC7F3231}.Debug|Any CPU.ActiveCfg = Debug|Any CPU
		{B9F16B73-27F0-4D20-9595-A060DC7F3231}.Debug|Any CPU.Build.0 = Debug|Any CPU
		{B9F16B73-27F0-4D20-9595-A060DC7F3231}.Release|Any CPU.ActiveCfg = Release|Any CPU
		{B9F16B73-27F0-4D20-9595-A060DC7F3231}.Release|Any CPU.Build.0 = Release|Any CPU
		{190E9370-94D7-418D-AAD1-6055580FFDA4}.Debug|Any CPU.ActiveCfg = Debug|Any CPU
		{190E9370-94D7-418D-AAD1-6055580FFDA4}.Debug|Any CPU.Build.0 = Debug|Any CPU
		{190E9370-94D7-418D-AAD1-6055580FFDA4}.Release|Any CPU.ActiveCfg = Release|Any CPU
		{190E9370-94D7-418D-AAD1-6055580FFDA4}.Release|Any CPU.Build.0 = Release|Any CPU
		{C36FB7CE-CE3B-4624-9977-DBC4630B9284}.Debug|Any CPU.ActiveCfg = Debug|Any CPU
		{C36FB7CE-CE3B-4624-9977-DBC4630B9284}.Debug|Any CPU.Build.0 = Debug|Any CPU
		{C36FB7CE-CE3B-4624-9977-DBC4630B9284}.Release|Any CPU.ActiveCfg = Release|Any CPU
		{C36FB7CE-CE3B-4624-9977-DBC4630B9284}.Release|Any CPU.Build.0 = Release|Any CPU
	EndGlobalSection
	GlobalSection(NestedProjects) = preSolution
		{33071770-3A1B-4856-B132-D1A88EA9FDCB} = {DCC0E61D-C29B-4DE3-9DBC-E34EF8C7F9CA}
		{C36FB7CE-CE3B-4624-9977-DBC4630B9284} = {B048273B-455E-4AAD-8B4A-3C8351A35A8D}
	EndGlobalSection
EndGlobal
